
Microsoft Visual Studio Solution File, Format Version 12.00
# Visual Studio 15
Project("{FAE04EC0-301F-11D3-BF4B-00C04F79EFBC}") = "Oculus.Platform", "Oculus.Platform.csproj", "{806887BA-27E1-DFB8-C790-59B64AC97DCF}"
EndProject
Project("{FAE04EC0-301F-11D3-BF4B-00C04F79EFBC}") = "Assembly-CSharp", "Assembly-CSharp.csproj", "{60A82265-FF22-AA59-82CF-8F741C451296}"
EndProject
Project("{FAE04EC0-301F-11D3-BF4B-00C04F79EFBC}") = "Oculus.Spatializer", "Oculus.Spatializer.csproj", "{A71B2008-585D-9DE7-8F83-3C296DB31D60}"
EndProject
Project("{FAE04EC0-301F-11D3-BF4B-00C04F79EFBC}") = "Oculus.Interaction", "Oculus.Interaction.csproj", "{2C64E8D3-4842-0A6B-ECF8-A2FD65A107FC}"
EndProject
Project("{FAE04EC0-301F-11D3-BF4B-00C04F79EFBC}") = "Meta.WitAi", "Meta.WitAi.csproj", "{751E0662-7EC5-E7DE-1E7E-656FA3633D07}"
EndProject
Project("{FAE04EC0-301F-11D3-BF4B-00C04F79EFBC}") = "Oculus.Interaction.OVR.Samples", "Oculus.Interaction.OVR.Samples.csproj", "{28832496-E4F6-DABC-D458-C6D87EB13E6C}"
EndProject
Project("{FAE04EC0-301F-11D3-BF4B-00C04F79EFBC}") = "Oculus.VR", "Oculus.VR.csproj", "{B1566E2C-4293-0986-317D-FF22122AA9B1}"
EndProject
Project("{FAE04EC0-301F-11D3-BF4B-00C04F79EFBC}") = "VoiceSDK.Dictation.Runtime", "VoiceSDK.Dictation.Runtime.csproj", "{FED5DB8B-900C-1EE6-944B-046A88A870C4}"
EndProject
Project("{FAE04EC0-301F-11D3-BF4B-00C04F79EFBC}") = "Meta.WitAi.TTS", "Meta.WitAi.TTS.csproj", "{46433E37-1FE6-CCE6-3095-F6D0E5B9F19E}"
EndProject
Project("{FAE04EC0-301F-11D3-BF4B-00C04F79EFBC}") = "Oculus.AudioManager", "Oculus.AudioManager.csproj", "{82C11649-87A9-F77F-1173-FF6B92C87D88}"
EndProject
Project("{FAE04EC0-301F-11D3-BF4B-00C04F79EFBC}") = "VoiceSDK.Runtime", "VoiceSDK.Runtime.csproj", "{8F703F0B-C24D-07C7-34C4-2BD782FA24B5}"
EndProject
Project("{FAE04EC0-301F-11D3-BF4B-00C04F79EFBC}") = "Facebook.Wit.Dictation", "Facebook.Wit.Dictation.csproj", "{49992724-B3EA-580A-0484-93B81171B86B}"
EndProject
Project("{FAE04EC0-301F-11D3-BF4B-00C04F79EFBC}") = "Meta.WitAi.TTS.Samples", "Meta.WitAi.TTS.Samples.csproj", "{539AAC4F-6A7A-C468-DC70-D473535AB893}"
EndProject
Project("{FAE04EC0-301F-11D3-BF4B-00C04F79EFBC}") = "Oculus.Voice.Demo", "Oculus.Voice.Demo.csproj", "{A33ADE98-307B-7BB1-B691-971CA0449C3B}"
EndProject
Project("{FAE04EC0-301F-11D3-BF4B-00C04F79EFBC}") = "Meta.WitAi.Lib", "Meta.WitAi.Lib.csproj", "{F07A40A2-BAF4-12D7-E72E-99461FFEFF5A}"
EndProject
Project("{FAE04EC0-301F-11D3-BF4B-00C04F79EFBC}") = "Oculus.Interaction.OVR", "Oculus.Interaction.OVR.csproj", "{AFF5A73F-CBD7-ED64-81F9-6E85D74A169C}"
EndProject
Project("{FAE04EC0-301F-11D3-BF4B-00C04F79EFBC}") = "AssistantCoreSDKRuntime", "AssistantCoreSDKRuntime.csproj", "{F4068DA5-2349-92B1-78A7-8385BE43F14C}"
EndProject
Project("{FAE04EC0-301F-11D3-BF4B-00C04F79EFBC}") = "Meta.WitAi.Conduit", "Meta.WitAi.Conduit.csproj", "{4D23DBB5-05D6-7631-C58B-38E06F33514B}"
EndProject
Project("{FAE04EC0-301F-11D3-BF4B-00C04F79EFBC}") = "Oculus.LipSync", "Oculus.LipSync.csproj", "{53F1409F-07A7-2EC5-20F8-DADCF05BE7A7}"
EndProject
Project("{FAE04EC0-301F-11D3-BF4B-00C04F79EFBC}") = "Meta.VoiceSDK.Mic.Other", "Meta.VoiceSDK.Mic.Other.csproj", "{F718042B-A623-0039-746F-41D41B6E0655}"
EndProject
Project("{FAE04EC0-301F-11D3-BF4B-00C04F79EFBC}") = "Meta.VoiceSDK.Mic.Common", "Meta.VoiceSDK.Mic.Common.csproj", "{47C0FDD2-EA7E-F8F7-9679-27A8AF256236}"
EndProject
Project("{FAE04EC0-301F-11D3-BF4B-00C04F79EFBC}") = "Meta.WitAi.Editor", "Meta.WitAi.Editor.csproj", "{5D0C19F3-006C-AC35-2173-B823A120FADD}"
EndProject
Project("{FAE04EC0-301F-11D3-BF4B-00C04F79EFBC}") = "Meta.WitAi.Conduit.Editor", "Meta.WitAi.Conduit.Editor.csproj", "{F4997FA1-C5EE-FC4E-CE31-61C49CB17405}"
EndProject
Project("{FAE04EC0-301F-11D3-BF4B-00C04F79EFBC}") = "Oculus.Interaction.Editor", "Oculus.Interaction.Editor.csproj", "{C77293C4-F661-E434-8D0E-BA6AC828D455}"
EndProject
Project("{FAE04EC0-301F-11D3-BF4B-00C04F79EFBC}") = "Meta.WitAI.Lib.Editor", "Meta.WitAI.Lib.Editor.csproj", "{9F0EC893-E848-4E39-B731-3A3B338B49AB}"
EndProject
Project("{FAE04EC0-301F-11D3-BF4B-00C04F79EFBC}") = "Oculus.VR.Editor", "Oculus.VR.Editor.csproj", "{FFD2388C-495F-9663-C661-7C47FD4E362D}"
EndProject
Project("{FAE04EC0-301F-11D3-BF4B-00C04F79EFBC}") = "Oculus.Interaction.OVR.Editor", "Oculus.Interaction.OVR.Editor.csproj", "{10FAEEB5-2BA1-A172-0BBE-D12ADA576594}"
EndProject
Project("{FAE04EC0-301F-11D3-BF4B-00C04F79EFBC}") = "Assembly-CSharp-Editor", "Assembly-CSharp-Editor.csproj", "{E937E9E1-6D8C-E8BE-490D-5AF7B30BB48E}"
EndProject
Project("{FAE04EC0-301F-11D3-BF4B-00C04F79EFBC}") = "Oculus.Interaction.Samples.Editor", "Oculus.Interaction.Samples.Editor.csproj", "{15DCA312-E007-2D8B-E714-9966F5B6C238}"
EndProject
Project("{FAE04EC0-301F-11D3-BF4B-00C04F79EFBC}") = "Oculus.VR.Scripts.Editor", "Oculus.VR.Scripts.Editor.csproj", "{B21F2CA6-8299-747F-E178-7E706D90D257}"
EndProject
Project("{FAE04EC0-301F-11D3-BF4B-00C04F79EFBC}") = "VoiceSDK.Editor", "VoiceSDK.Editor.csproj", "{385AC36B-11E1-D250-562C-0BB1549BD273}"
EndProject
Project("{FAE04EC0-301F-11D3-BF4B-00C04F79EFBC}") = "Oculus.Spatializer.Editor", "Oculus.Spatializer.Editor.csproj", "{C2522121-C8A4-03C4-8641-23EE64345B94}"
EndProject
Project("{FAE04EC0-301F-11D3-BF4B-00C04F79EFBC}") = "Meta.WitAi.TTS.Editor", "Meta.WitAi.TTS.Editor.csproj", "{24ABB366-A23E-8B3A-38A3-B4A4859F616D}"
EndProject
Project("{FAE04EC0-301F-11D3-BF4B-00C04F79EFBC}") = "Facebook.Wit.Dictation.Editor", "Facebook.Wit.Dictation.Editor.csproj", "{DABD3568-3632-CC79-DE56-825E165968C1}"
EndProject
Project("{FAE04EC0-301F-11D3-BF4B-00C04F79EFBC}") = "VoiceSDK.Dictation.Editor", "VoiceSDK.Dictation.Editor.csproj", "{3E003F9D-C29E-2C3F-BEF2-C6D5ADF37E5E}"
EndProject
Project("{FAE04EC0-301F-11D3-BF4B-00C04F79EFBC}") = "Oculus.Platform.Editor", "Oculus.Platform.Editor.csproj", "{753275FA-56CD-3A70-A151-40FCE5E92A3B}"
EndProject
Project("{FAE04EC0-301F-11D3-BF4B-00C04F79EFBC}") = "Oculus.AudioManager.Audio.Editor", "Oculus.AudioManager.Audio.Editor.csproj", "{9C3E9525-EE8B-09E5-263C-EE4EF44679B1}"
EndProject
Project("{FAE04EC0-301F-11D3-BF4B-00C04F79EFBC}") = "Oculus.Interaction.InterfaceSupport", "Oculus.Interaction.InterfaceSupport.csproj", "{37EF1AF1-68D3-58CA-C838-365502DB8620}"
EndProject
Project("{FAE04EC0-301F-11D3-BF4B-00C04F79EFBC}") = "Oculus.LipSync.Editor", "Oculus.LipSync.Editor.csproj", "{91C2B8FA-BEFB-DB4D-F34F-F434A8A6D815}"
EndProject
Project("{FAE04EC0-301F-11D3-BF4B-00C04F79EFBC}") = "AssistantCoreSDKEditor", "AssistantCoreSDKEditor.csproj", "{E49A00C5-4786-E898-1C9F-5B41769339E7}"
EndProject
Project("{FAE04EC0-301F-11D3-BF4B-00C04F79EFBC}") = "Oculus.AudioManager.Utils.Editor", "Oculus.AudioManager.Utils.Editor.csproj", "{D9A8B8E9-AFE9-85CA-8CC1-DB4A6108C06D}"
EndProject
Global
	GlobalSection(SolutionConfigurationPlatforms) = preSolution
		Debug|Any CPU = Debug|Any CPU
		Release|Any CPU = Release|Any CPU
	EndGlobalSection
	GlobalSection(ProjectConfigurationPlatforms) = postSolution
		{806887BA-27E1-DFB8-C790-59B64AC97DCF}.Debug|Any CPU.ActiveCfg = Debug|Any CPU
		{806887BA-27E1-DFB8-C790-59B64AC97DCF}.Debug|Any CPU.Build.0 = Debug|Any CPU
		{806887BA-27E1-DFB8-C790-59B64AC97DCF}.Release|Any CPU.ActiveCfg = Release|Any CPU
		{806887BA-27E1-DFB8-C790-59B64AC97DCF}.Release|Any CPU.Build.0 = Release|Any CPU
		{60A82265-FF22-AA59-82CF-8F741C451296}.Debug|Any CPU.ActiveCfg = Debug|Any CPU
		{60A82265-FF22-AA59-82CF-8F741C451296}.Debug|Any CPU.Build.0 = Debug|Any CPU
		{60A82265-FF22-AA59-82CF-8F741C451296}.Release|Any CPU.ActiveCfg = Release|Any CPU
		{60A82265-FF22-AA59-82CF-8F741C451296}.Release|Any CPU.Build.0 = Release|Any CPU
		{A71B2008-585D-9DE7-8F83-3C296DB31D60}.Debug|Any CPU.ActiveCfg = Debug|Any CPU
		{A71B2008-585D-9DE7-8F83-3C296DB31D60}.Debug|Any CPU.Build.0 = Debug|Any CPU
		{A71B2008-585D-9DE7-8F83-3C296DB31D60}.Release|Any CPU.ActiveCfg = Release|Any CPU
		{A71B2008-585D-9DE7-8F83-3C296DB31D60}.Release|Any CPU.Build.0 = Release|Any CPU
		{2C64E8D3-4842-0A6B-ECF8-A2FD65A107FC}.Debug|Any CPU.ActiveCfg = Debug|Any CPU
		{2C64E8D3-4842-0A6B-ECF8-A2FD65A107FC}.Debug|Any CPU.Build.0 = Debug|Any CPU
		{2C64E8D3-4842-0A6B-ECF8-A2FD65A107FC}.Release|Any CPU.ActiveCfg = Release|Any CPU
		{2C64E8D3-4842-0A6B-ECF8-A2FD65A107FC}.Release|Any CPU.Build.0 = Release|Any CPU
		{751E0662-7EC5-E7DE-1E7E-656FA3633D07}.Debug|Any CPU.ActiveCfg = Debug|Any CPU
		{751E0662-7EC5-E7DE-1E7E-656FA3633D07}.Debug|Any CPU.Build.0 = Debug|Any CPU
		{751E0662-7EC5-E7DE-1E7E-656FA3633D07}.Release|Any CPU.ActiveCfg = Release|Any CPU
		{751E0662-7EC5-E7DE-1E7E-656FA3633D07}.Release|Any CPU.Build.0 = Release|Any CPU
		{28832496-E4F6-DABC-D458-C6D87EB13E6C}.Debug|Any CPU.ActiveCfg = Debug|Any CPU
		{28832496-E4F6-DABC-D458-C6D87EB13E6C}.Debug|Any CPU.Build.0 = Debug|Any CPU
		{28832496-E4F6-DABC-D458-C6D87EB13E6C}.Release|Any CPU.ActiveCfg = Release|Any CPU
		{28832496-E4F6-DABC-D458-C6D87EB13E6C}.Release|Any CPU.Build.0 = Release|Any CPU
		{B1566E2C-4293-0986-317D-FF22122AA9B1}.Debug|Any CPU.ActiveCfg = Debug|Any CPU
		{B1566E2C-4293-0986-317D-FF22122AA9B1}.Debug|Any CPU.Build.0 = Debug|Any CPU
		{B1566E2C-4293-0986-317D-FF22122AA9B1}.Release|Any CPU.ActiveCfg = Release|Any CPU
		{B1566E2C-4293-0986-317D-FF22122AA9B1}.Release|Any CPU.Build.0 = Release|Any CPU
		{FED5DB8B-900C-1EE6-944B-046A88A870C4}.Debug|Any CPU.ActiveCfg = Debug|Any CPU
		{FED5DB8B-900C-1EE6-944B-046A88A870C4}.Debug|Any CPU.Build.0 = Debug|Any CPU
		{FED5DB8B-900C-1EE6-944B-046A88A870C4}.Release|Any CPU.ActiveCfg = Release|Any CPU
		{FED5DB8B-900C-1EE6-944B-046A88A870C4}.Release|Any CPU.Build.0 = Release|Any CPU
		{46433E37-1FE6-CCE6-3095-F6D0E5B9F19E}.Debug|Any CPU.ActiveCfg = Debug|Any CPU
		{46433E37-1FE6-CCE6-3095-F6D0E5B9F19E}.Debug|Any CPU.Build.0 = Debug|Any CPU
		{46433E37-1FE6-CCE6-3095-F6D0E5B9F19E}.Release|Any CPU.ActiveCfg = Release|Any CPU
		{46433E37-1FE6-CCE6-3095-F6D0E5B9F19E}.Release|Any CPU.Build.0 = Release|Any CPU
		{82C11649-87A9-F77F-1173-FF6B92C87D88}.Debug|Any CPU.ActiveCfg = Debug|Any CPU
		{82C11649-87A9-F77F-1173-FF6B92C87D88}.Debug|Any CPU.Build.0 = Debug|Any CPU
		{82C11649-87A9-F77F-1173-FF6B92C87D88}.Release|Any CPU.ActiveCfg = Release|Any CPU
		{82C11649-87A9-F77F-1173-FF6B92C87D88}.Release|Any CPU.Build.0 = Release|Any CPU
		{8F703F0B-C24D-07C7-34C4-2BD782FA24B5}.Debug|Any CPU.ActiveCfg = Debug|Any CPU
		{8F703F0B-C24D-07C7-34C4-2BD782FA24B5}.Debug|Any CPU.Build.0 = Debug|Any CPU
		{8F703F0B-C24D-07C7-34C4-2BD782FA24B5}.Release|Any CPU.ActiveCfg = Release|Any CPU
		{8F703F0B-C24D-07C7-34C4-2BD782FA24B5}.Release|Any CPU.Build.0 = Release|Any CPU
		{49992724-B3EA-580A-0484-93B81171B86B}.Debug|Any CPU.ActiveCfg = Debug|Any CPU
		{49992724-B3EA-580A-0484-93B81171B86B}.Debug|Any CPU.Build.0 = Debug|Any CPU
		{49992724-B3EA-580A-0484-93B81171B86B}.Release|Any CPU.ActiveCfg = Release|Any CPU
		{49992724-B3EA-580A-0484-93B81171B86B}.Release|Any CPU.Build.0 = Release|Any CPU
		{539AAC4F-6A7A-C468-DC70-D473535AB893}.Debug|Any CPU.ActiveCfg = Debug|Any CPU
		{539AAC4F-6A7A-C468-DC70-D473535AB893}.Debug|Any CPU.Build.0 = Debug|Any CPU
		{539AAC4F-6A7A-C468-DC70-D473535AB893}.Release|Any CPU.ActiveCfg = Release|Any CPU
		{539AAC4F-6A7A-C468-DC70-D473535AB893}.Release|Any CPU.Build.0 = Release|Any CPU
		{A33ADE98-307B-7BB1-B691-971CA0449C3B}.Debug|Any CPU.ActiveCfg = Debug|Any CPU
		{A33ADE98-307B-7BB1-B691-971CA0449C3B}.Debug|Any CPU.Build.0 = Debug|Any CPU
		{A33ADE98-307B-7BB1-B691-971CA0449C3B}.Release|Any CPU.ActiveCfg = Release|Any CPU
		{A33ADE98-307B-7BB1-B691-971CA0449C3B}.Release|Any CPU.Build.0 = Release|Any CPU
		{F07A40A2-BAF4-12D7-E72E-99461FFEFF5A}.Debug|Any CPU.ActiveCfg = Debug|Any CPU
		{F07A40A2-BAF4-12D7-E72E-99461FFEFF5A}.Debug|Any CPU.Build.0 = Debug|Any CPU
		{F07A40A2-BAF4-12D7-E72E-99461FFEFF5A}.Release|Any CPU.ActiveCfg = Release|Any CPU
		{F07A40A2-BAF4-12D7-E72E-99461FFEFF5A}.Release|Any CPU.Build.0 = Release|Any CPU
		{AFF5A73F-CBD7-ED64-81F9-6E85D74A169C}.Debug|Any CPU.ActiveCfg = Debug|Any CPU
		{AFF5A73F-CBD7-ED64-81F9-6E85D74A169C}.Debug|Any CPU.Build.0 = Debug|Any CPU
		{AFF5A73F-CBD7-ED64-81F9-6E85D74A169C}.Release|Any CPU.ActiveCfg = Release|Any CPU
		{AFF5A73F-CBD7-ED64-81F9-6E85D74A169C}.Release|Any CPU.Build.0 = Release|Any CPU
		{F4068DA5-2349-92B1-78A7-8385BE43F14C}.Debug|Any CPU.ActiveCfg = Debug|Any CPU
		{F4068DA5-2349-92B1-78A7-8385BE43F14C}.Debug|Any CPU.Build.0 = Debug|Any CPU
		{F4068DA5-2349-92B1-78A7-8385BE43F14C}.Release|Any CPU.ActiveCfg = Release|Any CPU
		{F4068DA5-2349-92B1-78A7-8385BE43F14C}.Release|Any CPU.Build.0 = Release|Any CPU
		{4D23DBB5-05D6-7631-C58B-38E06F33514B}.Debug|Any CPU.ActiveCfg = Debug|Any CPU
		{4D23DBB5-05D6-7631-C58B-38E06F33514B}.Debug|Any CPU.Build.0 = Debug|Any CPU
		{4D23DBB5-05D6-7631-C58B-38E06F33514B}.Release|Any CPU.ActiveCfg = Release|Any CPU
		{4D23DBB5-05D6-7631-C58B-38E06F33514B}.Release|Any CPU.Build.0 = Release|Any CPU
		{53F1409F-07A7-2EC5-20F8-DADCF05BE7A7}.Debug|Any CPU.ActiveCfg = Debug|Any CPU
		{53F1409F-07A7-2EC5-20F8-DADCF05BE7A7}.Debug|Any CPU.Build.0 = Debug|Any CPU
		{53F1409F-07A7-2EC5-20F8-DADCF05BE7A7}.Release|Any CPU.ActiveCfg = Release|Any CPU
		{53F1409F-07A7-2EC5-20F8-DADCF05BE7A7}.Release|Any CPU.Build.0 = Release|Any CPU
		{F718042B-A623-0039-746F-41D41B6E0655}.Debug|Any CPU.ActiveCfg = Debug|Any CPU
		{F718042B-A623-0039-746F-41D41B6E0655}.Debug|Any CPU.Build.0 = Debug|Any CPU
		{F718042B-A623-0039-746F-41D41B6E0655}.Release|Any CPU.ActiveCfg = Release|Any CPU
		{F718042B-A623-0039-746F-41D41B6E0655}.Release|Any CPU.Build.0 = Release|Any CPU
		{47C0FDD2-EA7E-F8F7-9679-27A8AF256236}.Debug|Any CPU.ActiveCfg = Debug|Any CPU
		{47C0FDD2-EA7E-F8F7-9679-27A8AF256236}.Debug|Any CPU.Build.0 = Debug|Any CPU
		{47C0FDD2-EA7E-F8F7-9679-27A8AF256236}.Release|Any CPU.ActiveCfg = Release|Any CPU
		{47C0FDD2-EA7E-F8F7-9679-27A8AF256236}.Release|Any CPU.Build.0 = Release|Any CPU
		{5D0C19F3-006C-AC35-2173-B823A120FADD}.Debug|Any CPU.ActiveCfg = Debug|Any CPU
		{5D0C19F3-006C-AC35-2173-B823A120FADD}.Debug|Any CPU.Build.0 = Debug|Any CPU
		{5D0C19F3-006C-AC35-2173-B823A120FADD}.Release|Any CPU.ActiveCfg = Release|Any CPU
		{5D0C19F3-006C-AC35-2173-B823A120FADD}.Release|Any CPU.Build.0 = Release|Any CPU
		{F4997FA1-C5EE-FC4E-CE31-61C49CB17405}.Debug|Any CPU.ActiveCfg = Debug|Any CPU
		{F4997FA1-C5EE-FC4E-CE31-61C49CB17405}.Debug|Any CPU.Build.0 = Debug|Any CPU
		{F4997FA1-C5EE-FC4E-CE31-61C49CB17405}.Release|Any CPU.ActiveCfg = Release|Any CPU
		{F4997FA1-C5EE-FC4E-CE31-61C49CB17405}.Release|Any CPU.Build.0 = Release|Any CPU
		{C77293C4-F661-E434-8D0E-BA6AC828D455}.Debug|Any CPU.ActiveCfg = Debug|Any CPU
		{C77293C4-F661-E434-8D0E-BA6AC828D455}.Debug|Any CPU.Build.0 = Debug|Any CPU
		{C77293C4-F661-E434-8D0E-BA6AC828D455}.Release|Any CPU.ActiveCfg = Release|Any CPU
		{C77293C4-F661-E434-8D0E-BA6AC828D455}.Release|Any CPU.Build.0 = Release|Any CPU
		{9F0EC893-E848-4E39-B731-3A3B338B49AB}.Debug|Any CPU.ActiveCfg = Debug|Any CPU
		{9F0EC893-E848-4E39-B731-3A3B338B49AB}.Debug|Any CPU.Build.0 = Debug|Any CPU
		{9F0EC893-E848-4E39-B731-3A3B338B49AB}.Release|Any CPU.ActiveCfg = Release|Any CPU
		{9F0EC893-E848-4E39-B731-3A3B338B49AB}.Release|Any CPU.Build.0 = Release|Any CPU
		{FFD2388C-495F-9663-C661-7C47FD4E362D}.Debug|Any CPU.ActiveCfg = Debug|Any CPU
		{FFD2388C-495F-9663-C661-7C47FD4E362D}.Debug|Any CPU.Build.0 = Debug|Any CPU
		{FFD2388C-495F-9663-C661-7C47FD4E362D}.Release|Any CPU.ActiveCfg = Release|Any CPU
		{FFD2388C-495F-9663-C661-7C47FD4E362D}.Release|Any CPU.Build.0 = Release|Any CPU
		{10FAEEB5-2BA1-A172-0BBE-D12ADA576594}.Debug|Any CPU.ActiveCfg = Debug|Any CPU
		{10FAEEB5-2BA1-A172-0BBE-D12ADA576594}.Debug|Any CPU.Build.0 = Debug|Any CPU
		{10FAEEB5-2BA1-A172-0BBE-D12ADA576594}.Release|Any CPU.ActiveCfg = Release|Any CPU
		{10FAEEB5-2BA1-A172-0BBE-D12ADA576594}.Release|Any CPU.Build.0 = Release|Any CPU
		{E937E9E1-6D8C-E8BE-490D-5AF7B30BB48E}.Debug|Any CPU.ActiveCfg = Debug|Any CPU
		{E937E9E1-6D8C-E8BE-490D-5AF7B30BB48E}.Debug|Any CPU.Build.0 = Debug|Any CPU
		{E937E9E1-6D8C-E8BE-490D-5AF7B30BB48E}.Release|Any CPU.ActiveCfg = Release|Any CPU
		{E937E9E1-6D8C-E8BE-490D-5AF7B30BB48E}.Release|Any CPU.Build.0 = Release|Any CPU
		{15DCA312-E007-2D8B-E714-9966F5B6C238}.Debug|Any CPU.ActiveCfg = Debug|Any CPU
		{15DCA312-E007-2D8B-E714-9966F5B6C238}.Debug|Any CPU.Build.0 = Debug|Any CPU
		{15DCA312-E007-2D8B-E714-9966F5B6C238}.Release|Any CPU.ActiveCfg = Release|Any CPU
		{15DCA312-E007-2D8B-E714-9966F5B6C238}.Release|Any CPU.Build.0 = Release|Any CPU
		{B21F2CA6-8299-747F-E178-7E706D90D257}.Debug|Any CPU.ActiveCfg = Debug|Any CPU
		{B21F2CA6-8299-747F-E178-7E706D90D257}.Debug|Any CPU.Build.0 = Debug|Any CPU
		{B21F2CA6-8299-747F-E178-7E706D90D257}.Release|Any CPU.ActiveCfg = Release|Any CPU
		{B21F2CA6-8299-747F-E178-7E706D90D257}.Release|Any CPU.Build.0 = Release|Any CPU
		{385AC36B-11E1-D250-562C-0BB1549BD273}.Debug|Any CPU.ActiveCfg = Debug|Any CPU
		{385AC36B-11E1-D250-562C-0BB1549BD273}.Debug|Any CPU.Build.0 = Debug|Any CPU
		{385AC36B-11E1-D250-562C-0BB1549BD273}.Release|Any CPU.ActiveCfg = Release|Any CPU
		{385AC36B-11E1-D250-562C-0BB1549BD273}.Release|Any CPU.Build.0 = Release|Any CPU
		{C2522121-C8A4-03C4-8641-23EE64345B94}.Debug|Any CPU.ActiveCfg = Debug|Any CPU
		{C2522121-C8A4-03C4-8641-23EE64345B94}.Debug|Any CPU.Build.0 = Debug|Any CPU
		{C2522121-C8A4-03C4-8641-23EE64345B94}.Release|Any CPU.ActiveCfg = Release|Any CPU
		{C2522121-C8A4-03C4-8641-23EE64345B94}.Release|Any CPU.Build.0 = Release|Any CPU
		{24ABB366-A23E-8B3A-38A3-B4A4859F616D}.Debug|Any CPU.ActiveCfg = Debug|Any CPU
		{24ABB366-A23E-8B3A-38A3-B4A4859F616D}.Debug|Any CPU.Build.0 = Debug|Any CPU
		{24ABB366-A23E-8B3A-38A3-B4A4859F616D}.Release|Any CPU.ActiveCfg = Release|Any CPU
		{24ABB366-A23E-8B3A-38A3-B4A4859F616D}.Release|Any CPU.Build.0 = Release|Any CPU
		{DABD3568-3632-CC79-DE56-825E165968C1}.Debug|Any CPU.ActiveCfg = Debug|Any CPU
		{DABD3568-3632-CC79-DE56-825E165968C1}.Debug|Any CPU.Build.0 = Debug|Any CPU
		{DABD3568-3632-CC79-DE56-825E165968C1}.Release|Any CPU.ActiveCfg = Release|Any CPU
		{DABD3568-3632-CC79-DE56-825E165968C1}.Release|Any CPU.Build.0 = Release|Any CPU
		{3E003F9D-C29E-2C3F-BEF2-C6D5ADF37E5E}.Debug|Any CPU.ActiveCfg = Debug|Any CPU
		{3E003F9D-C29E-2C3F-BEF2-C6D5ADF37E5E}.Debug|Any CPU.Build.0 = Debug|Any CPU
		{3E003F9D-C29E-2C3F-BEF2-C6D5ADF37E5E}.Release|Any CPU.ActiveCfg = Release|Any CPU
		{3E003F9D-C29E-2C3F-BEF2-C6D5ADF37E5E}.Release|Any CPU.Build.0 = Release|Any CPU
		{753275FA-56CD-3A70-A151-40FCE5E92A3B}.Debug|Any CPU.ActiveCfg = Debug|Any CPU
		{753275FA-56CD-3A70-A151-40FCE5E92A3B}.Debug|Any CPU.Build.0 = Debug|Any CPU
		{753275FA-56CD-3A70-A151-40FCE5E92A3B}.Release|Any CPU.ActiveCfg = Release|Any CPU
		{753275FA-56CD-3A70-A151-40FCE5E92A3B}.Release|Any CPU.Build.0 = Release|Any CPU
		{9C3E9525-EE8B-09E5-263C-EE4EF44679B1}.Debug|Any CPU.ActiveCfg = Debug|Any CPU
		{9C3E9525-EE8B-09E5-263C-EE4EF44679B1}.Debug|Any CPU.Build.0 = Debug|Any CPU
		{9C3E9525-EE8B-09E5-263C-EE4EF44679B1}.Release|Any CPU.ActiveCfg = Release|Any CPU
		{9C3E9525-EE8B-09E5-263C-EE4EF44679B1}.Release|Any CPU.Build.0 = Release|Any CPU
		{37EF1AF1-68D3-58CA-C838-365502DB8620}.Debug|Any CPU.ActiveCfg = Debug|Any CPU
		{37EF1AF1-68D3-58CA-C838-365502DB8620}.Debug|Any CPU.Build.0 = Debug|Any CPU
		{37EF1AF1-68D3-58CA-C838-365502DB8620}.Release|Any CPU.ActiveCfg = Release|Any CPU
		{37EF1AF1-68D3-58CA-C838-365502DB8620}.Release|Any CPU.Build.0 = Release|Any CPU
		{91C2B8FA-BEFB-DB4D-F34F-F434A8A6D815}.Debug|Any CPU.ActiveCfg = Debug|Any CPU
		{91C2B8FA-BEFB-DB4D-F34F-F434A8A6D815}.Debug|Any CPU.Build.0 = Debug|Any CPU
		{91C2B8FA-BEFB-DB4D-F34F-F434A8A6D815}.Release|Any CPU.ActiveCfg = Release|Any CPU
		{91C2B8FA-BEFB-DB4D-F34F-F434A8A6D815}.Release|Any CPU.Build.0 = Release|Any CPU
		{E49A00C5-4786-E898-1C9F-5B41769339E7}.Debug|Any CPU.ActiveCfg = Debug|Any CPU
		{E49A00C5-4786-E898-1C9F-5B41769339E7}.Debug|Any CPU.Build.0 = Debug|Any CPU
		{E49A00C5-4786-E898-1C9F-5B41769339E7}.Release|Any CPU.ActiveCfg = Release|Any CPU
		{E49A00C5-4786-E898-1C9F-5B41769339E7}.Release|Any CPU.Build.0 = Release|Any CPU
		{D9A8B8E9-AFE9-85CA-8CC1-DB4A6108C06D}.Debug|Any CPU.ActiveCfg = Debug|Any CPU
		{D9A8B8E9-AFE9-85CA-8CC1-DB4A6108C06D}.Debug|Any CPU.Build.0 = Debug|Any CPU
		{D9A8B8E9-AFE9-85CA-8CC1-DB4A6108C06D}.Release|Any CPU.ActiveCfg = Release|Any CPU
		{D9A8B8E9-AFE9-85CA-8CC1-DB4A6108C06D}.Release|Any CPU.Build.0 = Release|Any CPU
	EndGlobalSection
	GlobalSection(SolutionProperties) = preSolution
		HideSolutionNode = FALSE
	EndGlobalSection
EndGlobal
